
Microsoft Visual Studio Solution File, Format Version 12.00
# Visual Studio 15
VisualStudioVersion = 15.0.27703.2000
MinimumVisualStudioVersion = 10.0.40219.1
Project("{FAE04EC0-301F-11D3-BF4B-00C04F79EFBC}") = "GestorAudioVisuales", "GestorAudioVisuales\GestorAudioVisuales.csproj", "{4CCA8E2B-181C-4B3B-80C4-CD8D4BE29680}"
EndProject
Project("{FAE04EC0-301F-11D3-BF4B-00C04F79EFBC}") = "DataModel", "DataModel\DataModel.csproj", "{D5FFA766-FB26-4B7A-9A12-2E5DE99CF17E}"
EndProject
Project("{2150E333-8FDC-42A3-9474-1A3956D46DE8}") = "Script para Crear la base de datos", "Script para Crear la base de datos", "{5854B4C0-39E4-41B4-B7BB-05AB7730C3C1}"
	ProjectSection(SolutionItems) = preProject
		..\..\..\..\Documents\script.sql = ..\..\..\..\Documents\script.sql
	EndProjectSection
EndProject
Global
	GlobalSection(SolutionConfigurationPlatforms) = preSolution
		Debug|Any CPU = Debug|Any CPU
		Release|Any CPU = Release|Any CPU
	EndGlobalSection
	GlobalSection(ProjectConfigurationPlatforms) = postSolution
		{4CCA8E2B-181C-4B3B-80C4-CD8D4BE29680}.Debug|Any CPU.ActiveCfg = Debug|Any CPU
		{4CCA8E2B-181C-4B3B-80C4-CD8D4BE29680}.Debug|Any CPU.Build.0 = Debug|Any CPU
		{4CCA8E2B-181C-4B3B-80C4-CD8D4BE29680}.Release|Any CPU.ActiveCfg = Release|Any CPU
		{4CCA8E2B-181C-4B3B-80C4-CD8D4BE29680}.Release|Any CPU.Build.0 = Release|Any CPU
		{D5FFA766-FB26-4B7A-9A12-2E5DE99CF17E}.Debug|Any CPU.ActiveCfg = Debug|Any CPU
		{D5FFA766-FB26-4B7A-9A12-2E5DE99CF17E}.Debug|Any CPU.Build.0 = Debug|Any CPU
		{D5FFA766-FB26-4B7A-9A12-2E5DE99CF17E}.Release|Any CPU.ActiveCfg = Release|Any CPU
		{D5FFA766-FB26-4B7A-9A12-2E5DE99CF17E}.Release|Any CPU.Build.0 = Release|Any CPU
	EndGlobalSection
	GlobalSection(SolutionProperties) = preSolution
		HideSolutionNode = FALSE
	EndGlobalSection
	GlobalSection(ExtensibilityGlobals) = postSolution
		SolutionGuid = {614EECA0-D790-4954-863C-42D4BE54BD99}
	EndGlobalSection
EndGlobal
